
Microsoft Visual Studio Solution File, Format Version 12.00
# Visual Studio Version 16
VisualStudioVersion = 16.0.30114.105
MinimumVisualStudioVersion = 10.0.40219.1
Project("{9A19103F-16F7-4668-BE54-9A1E7A4F7556}") = "EasyFinance", "EasyFinance\EasyFinance.csproj", "{AA58834F-978F-4303-AEDA-70F07AB43E02}"
EndProject
Project("{9A19103F-16F7-4668-BE54-9A1E7A4F7556}") = "EasyFinance.DataAccess", "EasyFinance.DataAccess\EasyFinance.DataAccess.csproj", "{9D8A9A4F-95EA-4F6D-9D81-9B920553C12F}"
EndProject
Project("{9A19103F-16F7-4668-BE54-9A1E7A4F7556}") = "EasyFinance.BusinessLogic", "EasyFinance.BusinessLogic\EasyFinance.BusinessLogic.csproj", "{ADC03C0B-8C9F-4437-8A50-DEE3CF134985}"
EndProject
Project("{9A19103F-16F7-4668-BE54-9A1E7A4F7556}") = "EasyFinance.OCR", "EasyFinance.OCR\EasyFinance.OCR.csproj", "{732C07FF-488B-45B9-AB7B-C943E38B3830}"
EndProject
Global
	GlobalSection(SolutionConfigurationPlatforms) = preSolution
		Debug|Any CPU = Debug|Any CPU
		Release|Any CPU = Release|Any CPU
	EndGlobalSection
	GlobalSection(ProjectConfigurationPlatforms) = postSolution
		{AA58834F-978F-4303-AEDA-70F07AB43E02}.Debug|Any CPU.ActiveCfg = Debug|Any CPU
		{AA58834F-978F-4303-AEDA-70F07AB43E02}.Debug|Any CPU.Build.0 = Debug|Any CPU
		{AA58834F-978F-4303-AEDA-70F07AB43E02}.Release|Any CPU.ActiveCfg = Release|Any CPU
		{AA58834F-978F-4303-AEDA-70F07AB43E02}.Release|Any CPU.Build.0 = Release|Any CPU
		{9D8A9A4F-95EA-4F6D-9D81-9B920553C12F}.Debug|Any CPU.ActiveCfg = Debug|Any CPU
		{9D8A9A4F-95EA-4F6D-9D81-9B920553C12F}.Debug|Any CPU.Build.0 = Debug|Any CPU
		{9D8A9A4F-95EA-4F6D-9D81-9B920553C12F}.Release|Any CPU.ActiveCfg = Release|Any CPU
		{9D8A9A4F-95EA-4F6D-9D81-9B920553C12F}.Release|Any CPU.Build.0 = Release|Any CPU
		{ADC03C0B-8C9F-4437-8A50-DEE3CF134985}.Debug|Any CPU.ActiveCfg = Debug|Any CPU
		{ADC03C0B-8C9F-4437-8A50-DEE3CF134985}.Debug|Any CPU.Build.0 = Debug|Any CPU
		{ADC03C0B-8C9F-4437-8A50-DEE3CF134985}.Release|Any CPU.ActiveCfg = Release|Any CPU
		{ADC03C0B-8C9F-4437-8A50-DEE3CF134985}.Release|Any CPU.Build.0 = Release|Any CPU
		{732C07FF-488B-45B9-AB7B-C943E38B3830}.Debug|Any CPU.ActiveCfg = Debug|Any CPU
		{732C07FF-488B-45B9-AB7B-C943E38B3830}.Debug|Any CPU.Build.0 = Debug|Any CPU
		{732C07FF-488B-45B9-AB7B-C943E38B3830}.Release|Any CPU.ActiveCfg = Release|Any CPU
		{732C07FF-488B-45B9-AB7B-C943E38B3830}.Release|Any CPU.Build.0 = Release|Any CPU
	EndGlobalSection
	GlobalSection(SolutionProperties) = preSolution
		HideSolutionNode = FALSE
	EndGlobalSection
	GlobalSection(ExtensibilityGlobals) = postSolution
		SolutionGuid = {18CF8A05-5EA3-4ACD-80FB-7D8CD73016DF}
	EndGlobalSection
EndGlobal
